
Microsoft Visual Studio Solution File, Format Version 12.00
# Visual Studio Version 17
VisualStudioVersion = 17.13.35931.197 d17.13
MinimumVisualStudioVersion = 10.0.40219.1
Project("{FAE04EC0-301F-11D3-BF4B-00C04F79EFBC}") = "membro-estatico", "membro-estatico.csproj", "{6AF6A076-9BB5-4825-A55C-904793D78DD7}"
EndProject
Global
	GlobalSection(SolutionConfigurationPlatforms) = preSolution
		Debug|Any CPU = Debug|Any CPU
		Release|Any CPU = Release|Any CPU
	EndGlobalSection
	GlobalSection(ProjectConfigurationPlatforms) = postSolution
		{6AF6A076-9BB5-4825-A55C-904793D78DD7}.Debug|Any CPU.ActiveCfg = Debug|Any CPU
		{6AF6A076-9BB5-4825-A55C-904793D78DD7}.Debug|Any CPU.Build.0 = Debug|Any CPU
		{6AF6A076-9BB5-4825-A55C-904793D78DD7}.Release|Any CPU.ActiveCfg = Release|Any CPU
		{6AF6A076-9BB5-4825-A55C-904793D78DD7}.Release|Any CPU.Build.0 = Release|Any CPU
	EndGlobalSection
	GlobalSection(SolutionProperties) = preSolution
		HideSolutionNode = FALSE
	EndGlobalSection
	GlobalSection(ExtensibilityGlobals) = postSolution
		SolutionGuid = {845EF43E-2253-4F54-9ACB-1FF8732EFD0A}
	EndGlobalSection
EndGlobal
