
Microsoft Visual Studio Solution File, Format Version 12.00
# Visual Studio Version 17
VisualStudioVersion = 17.13.35931.197 d17.13
MinimumVisualStudioVersion = 10.0.40219.1
Project("{FAE04EC0-301F-11D3-BF4B-00C04F79EFBC}") = "produto-estoque", "produto-estoque.csproj", "{59A34F34-FEF1-4DB3-80F5-7790E8887CEE}"
EndProject
Global
	GlobalSection(SolutionConfigurationPlatforms) = preSolution
		Debug|Any CPU = Debug|Any CPU
		Release|Any CPU = Release|Any CPU
	EndGlobalSection
	GlobalSection(ProjectConfigurationPlatforms) = postSolution
		{59A34F34-FEF1-4DB3-80F5-7790E8887CEE}.Debug|Any CPU.ActiveCfg = Debug|Any CPU
		{59A34F34-FEF1-4DB3-80F5-7790E8887CEE}.Debug|Any CPU.Build.0 = Debug|Any CPU
		{59A34F34-FEF1-4DB3-80F5-7790E8887CEE}.Release|Any CPU.ActiveCfg = Release|Any CPU
		{59A34F34-FEF1-4DB3-80F5-7790E8887CEE}.Release|Any CPU.Build.0 = Release|Any CPU
	EndGlobalSection
	GlobalSection(SolutionProperties) = preSolution
		HideSolutionNode = FALSE
	EndGlobalSection
	GlobalSection(ExtensibilityGlobals) = postSolution
		SolutionGuid = {06B0A5ED-A913-418B-8457-FE7F70D28FE9}
	EndGlobalSection
EndGlobal
