
Microsoft Visual Studio Solution File, Format Version 12.00
# Visual Studio Version 17
VisualStudioVersion = 17.13.35931.197 d17.13
MinimumVisualStudioVersion = 10.0.40219.1
Project("{FAE04EC0-301F-11D3-BF4B-00C04F79EFBC}") = "valor-area", "valor-area.csproj", "{F016EBEF-0D1F-4F1B-B117-6DB8C37FB1A7}"
EndProject
Global
	GlobalSection(SolutionConfigurationPlatforms) = preSolution
		Debug|Any CPU = Debug|Any CPU
		Release|Any CPU = Release|Any CPU
	EndGlobalSection
	GlobalSection(ProjectConfigurationPlatforms) = postSolution
		{F016EBEF-0D1F-4F1B-B117-6DB8C37FB1A7}.Debug|Any CPU.ActiveCfg = Debug|Any CPU
		{F016EBEF-0D1F-4F1B-B117-6DB8C37FB1A7}.Debug|Any CPU.Build.0 = Debug|Any CPU
		{F016EBEF-0D1F-4F1B-B117-6DB8C37FB1A7}.Release|Any CPU.ActiveCfg = Release|Any CPU
		{F016EBEF-0D1F-4F1B-B117-6DB8C37FB1A7}.Release|Any CPU.Build.0 = Release|Any CPU
	EndGlobalSection
	GlobalSection(SolutionProperties) = preSolution
		HideSolutionNode = FALSE
	EndGlobalSection
	GlobalSection(ExtensibilityGlobals) = postSolution
		SolutionGuid = {3154F7DD-FA02-4B95-842D-D4765A4AB283}
	EndGlobalSection
EndGlobal
