
Microsoft Visual Studio Solution File, Format Version 12.00
# Visual Studio Version 17
VisualStudioVersion = 17.13.35931.197 d17.13
MinimumVisualStudioVersion = 10.0.40219.1
Project("{FAE04EC0-301F-11D3-BF4B-00C04F79EFBC}") = "classe-calculo-triangulo", "classe-calculo-triangulo.csproj", "{8C3DAC08-7973-40B8-8736-32D6719BF0AD}"
EndProject
Global
	GlobalSection(SolutionConfigurationPlatforms) = preSolution
		Debug|Any CPU = Debug|Any CPU
		Release|Any CPU = Release|Any CPU
	EndGlobalSection
	GlobalSection(ProjectConfigurationPlatforms) = postSolution
		{8C3DAC08-7973-40B8-8736-32D6719BF0AD}.Debug|Any CPU.ActiveCfg = Debug|Any CPU
		{8C3DAC08-7973-40B8-8736-32D6719BF0AD}.Debug|Any CPU.Build.0 = Debug|Any CPU
		{8C3DAC08-7973-40B8-8736-32D6719BF0AD}.Release|Any CPU.ActiveCfg = Release|Any CPU
		{8C3DAC08-7973-40B8-8736-32D6719BF0AD}.Release|Any CPU.Build.0 = Release|Any CPU
	EndGlobalSection
	GlobalSection(SolutionProperties) = preSolution
		HideSolutionNode = FALSE
	EndGlobalSection
	GlobalSection(ExtensibilityGlobals) = postSolution
		SolutionGuid = {52C77E79-BE2C-4BED-9FF0-89E45C93628F}
	EndGlobalSection
EndGlobal
